
Microsoft Visual Studio Solution File, Format Version 12.00
# Visual Studio Version 16
VisualStudioVersion = 16.0.29306.81
MinimumVisualStudioVersion = 10.0.40219.1
Project("{FAE04EC0-301F-11D3-BF4B-00C04F79EFBC}") = "TranSmart", "TranSmart\TranSmart.csproj", "{5E495CB6-D5D8-4670-8928-1B7006FEB2EE}"
EndProject
Global
	GlobalSection(SolutionConfigurationPlatforms) = preSolution
		Debug|Any CPU = Debug|Any CPU
		Release|Any CPU = Release|Any CPU
	EndGlobalSection
	GlobalSection(ProjectConfigurationPlatforms) = postSolution
		{5E495CB6-D5D8-4670-8928-1B7006FEB2EE}.Debug|Any CPU.ActiveCfg = Debug|Any CPU
		{5E495CB6-D5D8-4670-8928-1B7006FEB2EE}.Debug|Any CPU.Build.0 = Debug|Any CPU
		{5E495CB6-D5D8-4670-8928-1B7006FEB2EE}.Release|Any CPU.ActiveCfg = Release|Any CPU
		{5E495CB6-D5D8-4670-8928-1B7006FEB2EE}.Release|Any CPU.Build.0 = Release|Any CPU
	EndGlobalSection
	GlobalSection(SolutionProperties) = preSolution
		HideSolutionNode = FALSE
	EndGlobalSection
	GlobalSection(ExtensibilityGlobals) = postSolution
		SolutionGuid = {472E4D93-3590-4EF4-9CE7-36C4CE88BBAA}
	EndGlobalSection
EndGlobal
